
Microsoft Visual Studio Solution File, Format Version 11.00
# Visual Studio 2010
Project("{FAE04EC0-301F-11D3-BF4B-00C04F79EFBC}") = "Labyrinth", "Labyrinth\Labyrinth.csproj", "{EDF83536-0A0A-4050-BE1A-FE6672ECB75C}"
EndProject
Global
	GlobalSection(SolutionConfigurationPlatforms) = preSolution
		Debug|x86 = Debug|x86
		Release|x86 = Release|x86
	EndGlobalSection
	GlobalSection(ProjectConfigurationPlatforms) = postSolution
		{EDF83536-0A0A-4050-BE1A-FE6672ECB75C}.Debug|x86.ActiveCfg = Debug|x86
		{EDF83536-0A0A-4050-BE1A-FE6672ECB75C}.Debug|x86.Build.0 = Debug|x86
		{EDF83536-0A0A-4050-BE1A-FE6672ECB75C}.Release|x86.ActiveCfg = Release|x86
		{EDF83536-0A0A-4050-BE1A-FE6672ECB75C}.Release|x86.Build.0 = Release|x86
	EndGlobalSection
	GlobalSection(MonoDevelopProperties) = preSolution
		StartupItem = Labyrinth\Labyrinth.csproj
		Policies = $0
		$0.DotNetNamingPolicy = $1
		$1.DirectoryNamespaceAssociation = None
		$1.ResourceNamePolicy = FileFormatDefault
		$0.TextStylePolicy = $2
		$2.FileWidth = 120
		$2.NoTabsAfterNonTabs = True
		$2.RemoveTrailingWhitespace = True
		$2.EolMarker = Windows
		$2.inheritsSet = VisualStudio
		$2.inheritsScope = text/plain
		$2.scope = text/x-csharp
		$0.CSharpFormattingPolicy = $3
		$3.NamespaceBraceStyle = EndOfLine
		$3.ClassBraceStyle = EndOfLine
		$3.InterfaceBraceStyle = EndOfLine
		$3.StructBraceStyle = EndOfLine
		$3.EnumBraceStyle = EndOfLine
		$3.MethodBraceStyle = EndOfLine
		$3.ConstructorBraceStyle = EndOfLine
		$3.DestructorBraceStyle = EndOfLine
		$3.IfElseBraceForcement = AddBraces
		$3.ForBraceForcement = AddBraces
		$3.ForEachBraceForcement = AddBraces
		$3.WhileBraceForcement = AddBraces
		$3.UsingBraceForcement = AddBraces
		$3.FixedBraceForcement = AddBraces
		$3.BeforeMethodCallParentheses = False
		$3.BeforeMethodDeclarationParentheses = False
		$3.BeforeConstructorDeclarationParentheses = False
		$3.BeforeDelegateDeclarationParentheses = False
		$3.NewParentheses = False
		$3.inheritsSet = Mono
		$3.inheritsScope = text/x-csharp
		$3.scope = text/x-csharp
		$0.TextStylePolicy = $4
		$4.FileWidth = 120
		$4.NoTabsAfterNonTabs = True
		$4.RemoveTrailingWhitespace = True
		$4.inheritsSet = VisualStudio
		$4.inheritsScope = text/plain
		$4.scope = text/plain
		$0.TextStylePolicy = $5
		$5.inheritsSet = null
		$5.scope = application/config+xml
		$0.XmlFormattingPolicy = $6
		$6.inheritsSet = null
		$6.scope = application/config+xml
		$0.TextStylePolicy = $7
		$7.inheritsSet = null
		$7.scope = application/xml
		$0.XmlFormattingPolicy = $8
		$8.inheritsSet = Mono
		$8.inheritsScope = application/xml
		$8.scope = application/xml
		$0.StandardHeader = $9
		$9.Text = 
		$9.inheritsSet = Apache2License
	EndGlobalSection
	GlobalSection(SolutionProperties) = preSolution
		HideSolutionNode = FALSE
	EndGlobalSection
EndGlobal
